
Microsoft Visual Studio Solution File, Format Version 12.00
Project("{FAE04EC0-301F-11D3-BF4B-00C04F79EFBC}") = "XazeAPI", "XazeAPI\XazeAPI.csproj", "{5885F6B2-A026-4C72-8CA8-6C4C74174B86}"
EndProject
Global
	GlobalSection(SolutionConfigurationPlatforms) = preSolution
		Debug|Any CPU = Debug|Any CPU
		Release|Any CPU = Release|Any CPU
	EndGlobalSection
	GlobalSection(ProjectConfigurationPlatforms) = postSolution
		{5885F6B2-A026-4C72-8CA8-6C4C74174B86}.Debug|Any CPU.ActiveCfg = Debug|Any CPU
		{5885F6B2-A026-4C72-8CA8-6C4C74174B86}.Debug|Any CPU.Build.0 = Debug|Any CPU
		{5885F6B2-A026-4C72-8CA8-6C4C74174B86}.Release|Any CPU.ActiveCfg = Release|Any CPU
		{5885F6B2-A026-4C72-8CA8-6C4C74174B86}.Release|Any CPU.Build.0 = Release|Any CPU
	EndGlobalSection
EndGlobal
